<Solution>
  <Folder Name="/AI/">
    <File Path=".github/copilot-instructions.md" />
    <File Path="AI/attribute-usage.md" />
    <File Path="AI/build-run.md" />
    <File Path="AI/coding-guidelines.md" />
    <File Path="AI/commit-messages.md" />
    <File Path="AI/generator.md" />
    <File Path="AI/overview.md" />
    <File Path="AI/security-performance.md" />
    <File Path="AI/tasks.md" />
    <File Path="AI/tests.md" />
    <File Path="AI/troubleshooting.md" />
    <File Path="CLAUDE.md" />
  </Folder>
  <Folder Name="/Build/">
    <File Path="Directory.Build.props" />
    <File Path="Directory.Build.targets" />
    <File Path="Directory.Packages.props" />
  </Folder>
  <Folder Name="/DotAutoDocConfig/">
    <Project Path="DotAutoDocConfig.Analyzers.CodeFixers/DotAutoDocConfig.Analyzers.CodeFixers.csproj" />
    <Project Path="DotAutoDocConfig.Analyzers/DotAutoDocConfig.Analyzers.csproj" />
    <Project Path="DotAutoDocConfig.Core/DotAutoDocConfig.Core.csproj" />
    <Project Path="DotAutoDocConfig.SourceGenerator/DotAutoDocConfig.SourceGenerator.csproj" />
    <Project Path="DotAutoDocConfig/DotAutoDocConfig.csproj" />
  </Folder>
  <Folder Name="/Pipeline/">
    <File Path=".github/dependabot.yml" />
    <File Path=".github/workflows/dotnet.yml" />
  </Folder>
  <Folder Name="/Samples/">
    <Project Path="DotAutoDocConfig.Analyzers.CodeFixers.Sample/DotAutoDocConfig.Analyzers.CodeFixers.Sample.csproj" />
    <Project Path="DotAutoDocConfig.Analyzers.Sample/DotAutoDocConfig.Analyzers.Sample.csproj" />
    <Project Path="DotAutoDocConfig.Sample.Console/DotAutoDocConfig.Sample.Console.csproj" />
    <Project Path="DotAutoDocConfig.SourceGenerator.Sample/DotAutoDocConfig.SourceGenerator.Sample.csproj" />
  </Folder>
  <Folder Name="/Tests/">
    <Project Path="DotAutoDocConfig.Analyzers.CodeFixers.Tests/DotAutoDocConfig.Analyzers.CodeFixers.Tests.csproj" />
    <Project Path="DotAutoDocConfig.Analyzers.Tests/DotAutoDocConfig.Analyzers.Tests.csproj" />
    <Project Path="DotAutoDocConfig.SourceGenerator.Tests/DotAutoDocConfig.SourceGenerator.Tests.csproj" />
  </Folder>
</Solution>
